<?xml version="1.0" encoding="utf-8"?>
<Project ToolsVersion="4.0" xmlns="http://schemas.microsoft.com/developer/msbuild/2003">
  <ItemGroup>
    <Filter Include="Source Files">
      <UniqueIdentifier>{36bef2b2-a7d1-40ad-a1e0-b780c2c63421}</UniqueIdentifier>
      <Extensions>cpp;c;cxx;rc;def;r;odl;idl;hpj;bat</Extensions>
    </Filter>
    <Filter Include="Header Files">
      <UniqueIdentifier>{6e7d3717-24c1-4ae2-82e8-60ef1e46e87a}</UniqueIdentifier>
      <Extensions>h;hpp;hxx;hm;inl</Extensions>
    </Filter>
    <Filter Include="Resource Files">
      <UniqueIdentifier>{7f1ca1e2-b244-4b3d-8b8c-7c6c1327b80c}</UniqueIdentifier>
      <Extensions>ico;cur;bmp;dlg;rc2;rct;bin;rgs;gif;jpg;jpeg;jpe</Extensions>
    </Filter>
  </ItemGroup>
  <ItemGroup>
    <ClCompile Include="vzem\vzem.cpp">
      <Filter>Source Files</Filter>
    </ClCompile>
    <ClCompile Include="Z80\Z80.c">
      <Filter>Source Files</Filter>
    </ClCompile>
    <ClCompile Include="osdepend.cpp">
      <Filter>Source Files</Filter>
    </ClCompile>
  </ItemGroup>
  <ItemGroup>
    <ResourceCompile Include="vz.rc">
      <Filter>Source Files</Filter>
    </ResourceCompile>
  </ItemGroup>
  <ItemGroup>
    <ClInclude Include="resource.h">
      <Filter>Header Files</Filter>
    </ClInclude>
    <ClInclude Include="vzem\Sound.h">
      <Filter>Header Files</Filter>
    </ClInclude>
    <ClInclude Include="StdAfx.h">
      <Filter>Header Files</Filter>
    </ClInclude>
    <ClInclude Include="vzem\vzem.h">
      <Filter>Header Files</Filter>
    </ClInclude>
    <ClInclude Include="vzem\osdepend.h">
      <Filter>Header Files</Filter>
    </ClInclude>
    <ClInclude Include="Z80\Z80.h">
      <Filter>Header Files</Filter>
    </ClInclude>
  </ItemGroup>
  <ItemGroup>
    <None Include="icon1.ico">
      <Filter>Resource Files</Filter>
    </None>
    <None Include="toolbar.bmp">
      <Filter>Resource Files</Filter>
    </None>
    <None Include="changetrack.wav" />
    <None Include="ReadMe.txt" />
    <None Include="readsector.wav" />
    <None Include="ClassDiagram1.cd" />
  </ItemGroup>
</Project>